
Microsoft Visual Studio Solution File, Format Version 12.00
# Visual Studio Version 17
VisualStudioVersion = 17.8.34330.188
MinimumVisualStudioVersion = 10.0.40219.1
Project("{FAE04EC0-301F-11D3-BF4B-00C04F79EFBC}") = "API_for_mobile_app", "API_for_mobile_app.csproj", "{BB057156-2F10-46F7-9B87-57EF2642AAB6}"
EndProject
Global
	GlobalSection(SolutionConfigurationPlatforms) = preSolution
		Debug|Any CPU = Debug|Any CPU
		Release|Any CPU = Release|Any CPU
	EndGlobalSection
	GlobalSection(ProjectConfigurationPlatforms) = postSolution
		{BB057156-2F10-46F7-9B87-57EF2642AAB6}.Debug|Any CPU.ActiveCfg = Debug|Any CPU
		{BB057156-2F10-46F7-9B87-57EF2642AAB6}.Debug|Any CPU.Build.0 = Debug|Any CPU
		{BB057156-2F10-46F7-9B87-57EF2642AAB6}.Release|Any CPU.ActiveCfg = Release|Any CPU
		{BB057156-2F10-46F7-9B87-57EF2642AAB6}.Release|Any CPU.Build.0 = Release|Any CPU
	EndGlobalSection
	GlobalSection(SolutionProperties) = preSolution
		HideSolutionNode = FALSE
	EndGlobalSection
	GlobalSection(ExtensibilityGlobals) = postSolution
		SolutionGuid = {238E048C-708D-4813-9BB0-2E4DA15C04DF}
	EndGlobalSection
EndGlobal
